
Microsoft Visual Studio Solution File, Format Version 12.00
# Visual Studio Version 17
VisualStudioVersion = 17.9.34701.34
MinimumVisualStudioVersion = 10.0.40219.1
Project("{FAE04EC0-301F-11D3-BF4B-00C04F79EFBC}") = "Assignment 4", "Assignment 4.csproj", "{AC2DEEB8-7999-4BCB-8D1B-94BDEEB62928}"
EndProject
Global
	GlobalSection(SolutionConfigurationPlatforms) = preSolution
		Debug|Any CPU = Debug|Any CPU
		Release|Any CPU = Release|Any CPU
	EndGlobalSection
	GlobalSection(ProjectConfigurationPlatforms) = postSolution
		{AC2DEEB8-7999-4BCB-8D1B-94BDEEB62928}.Debug|Any CPU.ActiveCfg = Debug|Any CPU
		{AC2DEEB8-7999-4BCB-8D1B-94BDEEB62928}.Debug|Any CPU.Build.0 = Debug|Any CPU
		{AC2DEEB8-7999-4BCB-8D1B-94BDEEB62928}.Release|Any CPU.ActiveCfg = Release|Any CPU
		{AC2DEEB8-7999-4BCB-8D1B-94BDEEB62928}.Release|Any CPU.Build.0 = Release|Any CPU
	EndGlobalSection
	GlobalSection(SolutionProperties) = preSolution
		HideSolutionNode = FALSE
	EndGlobalSection
	GlobalSection(ExtensibilityGlobals) = postSolution
		SolutionGuid = {36C7C28D-1EF5-47C6-B3CB-63782787E4CA}
	EndGlobalSection
EndGlobal
